
Microsoft Visual Studio Solution File, Format Version 12.00
# Visual Studio Version 17
VisualStudioVersion = 17.5.33516.290
MinimumVisualStudioVersion = 10.0.40219.1
Project("{9A19103F-16F7-4668-BE54-9A1E7A4F7556}") = "TicTacToe", "TicTacToe\TicTacToe.csproj", "{28D67F8D-0D8E-4169-8EA5-4113C79A41D8}"
EndProject
Project("{9A19103F-16F7-4668-BE54-9A1E7A4F7556}") = "Explorer700Library", "Explorer700Library\Explorer700Library.csproj", "{ECC81CFD-3C1E-4E3D-9457-9A463B126C70}"
EndProject
Project("{9A19103F-16F7-4668-BE54-9A1E7A4F7556}") = "SimpleHttpServer", "SimpleHttpServer\SimpleHttpServer.csproj", "{1A61772B-2156-47C2-89C4-8EDD26E85152}"
EndProject
Global
	GlobalSection(SolutionConfigurationPlatforms) = preSolution
		Debug|Any CPU = Debug|Any CPU
		Release|Any CPU = Release|Any CPU
	EndGlobalSection
	GlobalSection(ProjectConfigurationPlatforms) = postSolution
		{28D67F8D-0D8E-4169-8EA5-4113C79A41D8}.Debug|Any CPU.ActiveCfg = Debug|Any CPU
		{28D67F8D-0D8E-4169-8EA5-4113C79A41D8}.Debug|Any CPU.Build.0 = Debug|Any CPU
		{28D67F8D-0D8E-4169-8EA5-4113C79A41D8}.Release|Any CPU.ActiveCfg = Release|Any CPU
		{28D67F8D-0D8E-4169-8EA5-4113C79A41D8}.Release|Any CPU.Build.0 = Release|Any CPU
		{ECC81CFD-3C1E-4E3D-9457-9A463B126C70}.Debug|Any CPU.ActiveCfg = Debug|Any CPU
		{ECC81CFD-3C1E-4E3D-9457-9A463B126C70}.Debug|Any CPU.Build.0 = Debug|Any CPU
		{ECC81CFD-3C1E-4E3D-9457-9A463B126C70}.Release|Any CPU.ActiveCfg = Release|Any CPU
		{ECC81CFD-3C1E-4E3D-9457-9A463B126C70}.Release|Any CPU.Build.0 = Release|Any CPU
		{1A61772B-2156-47C2-89C4-8EDD26E85152}.Debug|Any CPU.ActiveCfg = Debug|Any CPU
		{1A61772B-2156-47C2-89C4-8EDD26E85152}.Debug|Any CPU.Build.0 = Debug|Any CPU
		{1A61772B-2156-47C2-89C4-8EDD26E85152}.Release|Any CPU.ActiveCfg = Release|Any CPU
		{1A61772B-2156-47C2-89C4-8EDD26E85152}.Release|Any CPU.Build.0 = Release|Any CPU
	EndGlobalSection
	GlobalSection(SolutionProperties) = preSolution
		HideSolutionNode = FALSE
	EndGlobalSection
	GlobalSection(ExtensibilityGlobals) = postSolution
		SolutionGuid = {2F5CF25C-FA66-4B5C-AA4D-821BDFA5971D}
	EndGlobalSection
EndGlobal
